// !$*UTF8*$!
{
	archiveVersion = 1;
	classes = {
	};
	objectVersion = 55;
	objects = {

/* Begin PBXBuildFile section */
		2A066E162897E40A0031ABF4 /* MoodScoreSlider.swift in Sources */ = {isa = PBXBuildFile; fileRef = 2A066E152897E40A0031ABF4 /* MoodScoreSlider.swift */; };
		2A066E182898E0040031ABF4 /* CancelButton.swift in Sources */ = {isa = PBXBuildFile; fileRef = 2A066E172898E0040031ABF4 /* CancelButton.swift */; };
		2A066E1A2898F5C90031ABF4 /* ContinueButton.swift in Sources */ = {isa = PBXBuildFile; fileRef = 2A066E192898F5C90031ABF4 /* ContinueButton.swift */; };
		2A066E1C2898FD800031ABF4 /* ActivitiesList.swift in Sources */ = {isa = PBXBuildFile; fileRef = 2A066E1B2898FD800031ABF4 /* ActivitiesList.swift */; };
		2A5EF0D22893CCEF0093AA2F /* AllDaysManager.swift in Sources */ = {isa = PBXBuildFile; fileRef = 2A5EF0D12893CCEF0093AA2F /* AllDaysManager.swift */; };
		2A5EF0D62893E3100093AA2F /* ModelData.swift in Sources */ = {isa = PBXBuildFile; fileRef = 2A5EF0D52893E3100093AA2F /* ModelData.swift */; };
		2A5EF0D82893E3370093AA2F /* dayData.json in Resources */ = {isa = PBXBuildFile; fileRef = 2A5EF0D72893E3370093AA2F /* dayData.json */; };
		2A5EF0DA2893E8E50093AA2F /* Extensions.swift in Sources */ = {isa = PBXBuildFile; fileRef = 2A5EF0D92893E8E50093AA2F /* Extensions.swift */; };
		2A5EF0DF28940ADE0093AA2F /* QuoteOfTheDay.swift in Sources */ = {isa = PBXBuildFile; fileRef = 2A5EF0DE28940ADE0093AA2F /* QuoteOfTheDay.swift */; };
		2A5EF0E128940B5C0093AA2F /* DailyCheckIn.swift in Sources */ = {isa = PBXBuildFile; fileRef = 2A5EF0E028940B5C0093AA2F /* DailyCheckIn.swift */; };
		2A8353BB28990B1A00DA665F /* WrappingStack in Frameworks */ = {isa = PBXBuildFile; productRef = 2A8353BA28990B1A00DA665F /* WrappingStack */; };
		2A8353BD289912C100DA665F /* Feelings.swift in Sources */ = {isa = PBXBuildFile; fileRef = 2A8353BC289912C100DA665F /* Feelings.swift */; };
		2A8353BF289913A400DA665F /* FeelingsList.swift in Sources */ = {isa = PBXBuildFile; fileRef = 2A8353BE289913A400DA665F /* FeelingsList.swift */; };
		2A8353C128996FAA00DA665F /* SubmitButton.swift in Sources */ = {isa = PBXBuildFile; fileRef = 2A8353C028996FAA00DA665F /* SubmitButton.swift */; };
		2A83C451289645E200FFAF0D /* Date.swift in Sources */ = {isa = PBXBuildFile; fileRef = 2A83C450289645E200FFAF0D /* Date.swift */; };
		2A83C4532896539200FFAF0D /* Helpers.swift in Sources */ = {isa = PBXBuildFile; fileRef = 2A83C4522896539200FFAF0D /* Helpers.swift */; };
		2A83C45528965EAB00FFAF0D /* DayMood.swift in Sources */ = {isa = PBXBuildFile; fileRef = 2A83C45428965EAB00FFAF0D /* DayMood.swift */; };
		2A83C4592896647E00FFAF0D /* PreviousDates.swift in Sources */ = {isa = PBXBuildFile; fileRef = 2A83C4582896647E00FFAF0D /* PreviousDates.swift */; };
		2A83C45D2896773F00FFAF0D /* TabBar.swift in Sources */ = {isa = PBXBuildFile; fileRef = 2A83C45C2896773F00FFAF0D /* TabBar.swift */; };
		2A83C45F289678F700FFAF0D /* Tab.swift in Sources */ = {isa = PBXBuildFile; fileRef = 2A83C45E289678F700FFAF0D /* Tab.swift */; };
		2A83C461289680D800FFAF0D /* HomeView.swift in Sources */ = {isa = PBXBuildFile; fileRef = 2A83C460289680D800FFAF0D /* HomeView.swift */; };
		2A83C4632896811400FFAF0D /* QuotesView.swift in Sources */ = {isa = PBXBuildFile; fileRef = 2A83C4622896811400FFAF0D /* QuotesView.swift */; };
		2A83C4652896812800FFAF0D /* AddEntryView.swift in Sources */ = {isa = PBXBuildFile; fileRef = 2A83C4642896812800FFAF0D /* AddEntryView.swift */; };
		2A83C4672896813600FFAF0D /* AnalyticsView.swift in Sources */ = {isa = PBXBuildFile; fileRef = 2A83C4662896813600FFAF0D /* AnalyticsView.swift */; };
		2A83C4692896816000FFAF0D /* AllDaysView.swift in Sources */ = {isa = PBXBuildFile; fileRef = 2A83C4682896816000FFAF0D /* AllDaysView.swift */; };
		2A83C46B2896C79400FFAF0D /* GetDayManager.swift in Sources */ = {isa = PBXBuildFile; fileRef = 2A83C46A2896C79400FFAF0D /* GetDayManager.swift */; };
		2A83C46D2896CA3700FFAF0D /* Activities.swift in Sources */ = {isa = PBXBuildFile; fileRef = 2A83C46C2896CA3700FFAF0D /* Activities.swift */; };
		2A83C4722897C7C200FFAF0D /* HidableTabView in Frameworks */ = {isa = PBXBuildFile; productRef = 2A83C4712897C7C200FFAF0D /* HidableTabView */; };
		2A83C47F2897CB0A00FFAF0D /* TabViewManager.swift in Sources */ = {isa = PBXBuildFile; fileRef = 2A83C47E2897CB0A00FFAF0D /* TabViewManager.swift */; };
		2A8B4CB22893A7B2000E6598 /* mood_trackerApp.swift in Sources */ = {isa = PBXBuildFile; fileRef = 2A8B4CB12893A7B2000E6598 /* mood_trackerApp.swift */; };
		2A8B4CB42893A7B2000E6598 /* ContentView.swift in Sources */ = {isa = PBXBuildFile; fileRef = 2A8B4CB32893A7B2000E6598 /* ContentView.swift */; };
		2A8B4CB62893A7B4000E6598 /* Assets.xcassets in Resources */ = {isa = PBXBuildFile; fileRef = 2A8B4CB52893A7B4000E6598 /* Assets.xcassets */; };
		2A8B4CB92893A7B4000E6598 /* Preview Assets.xcassets in Resources */ = {isa = PBXBuildFile; fileRef = 2A8B4CB82893A7B4000E6598 /* Preview Assets.xcassets */; };
		2A8B4CC32893A7B4000E6598 /* mood_trackerTests.swift in Sources */ = {isa = PBXBuildFile; fileRef = 2A8B4CC22893A7B4000E6598 /* mood_trackerTests.swift */; };
		2A8B4CCD2893A7B4000E6598 /* mood_trackerUITests.swift in Sources */ = {isa = PBXBuildFile; fileRef = 2A8B4CCC2893A7B4000E6598 /* mood_trackerUITests.swift */; };
		2A8B4CCF2893A7B4000E6598 /* mood_trackerUITestsLaunchTests.swift in Sources */ = {isa = PBXBuildFile; fileRef = 2A8B4CCE2893A7B4000E6598 /* mood_trackerUITestsLaunchTests.swift */; };
		2A8B4CE42893B842000E6598 /* LoadingView.swift in Sources */ = {isa = PBXBuildFile; fileRef = 2A8B4CE32893B842000E6598 /* LoadingView.swift */; };
		2A8B4CE62893BB1C000E6598 /* DayManager.swift in Sources */ = {isa = PBXBuildFile; fileRef = 2A8B4CE52893BB1C000E6598 /* DayManager.swift */; };
		2A8B4CE82893BB2C000E6598 /* EntryManager.swift in Sources */ = {isa = PBXBuildFile; fileRef = 2A8B4CE72893BB2C000E6598 /* EntryManager.swift */; };
		2A8B4CEA2893BB43000E6598 /* QuoteManager.swift in Sources */ = {isa = PBXBuildFile; fileRef = 2A8B4CE92893BB43000E6598 /* QuoteManager.swift */; };
		2A8B4CEC2893BB56000E6598 /* AnalyticsManager.swift in Sources */ = {isa = PBXBuildFile; fileRef = 2A8B4CEB2893BB56000E6598 /* AnalyticsManager.swift */; };
		2AEF2DD7289BC3A1008E8ED1 /* DaysList.swift in Sources */ = {isa = PBXBuildFile; fileRef = 2AEF2DD6289BC3A1008E8ED1 /* DaysList.swift */; };
		2AEF2DE1289BC5FF008E8ED1 /* daysData.json in Resources */ = {isa = PBXBuildFile; fileRef = 2AEF2DE0289BC5FF008E8ED1 /* daysData.json */; };
		2AEF2DE3289BF1F3008E8ED1 /* Day.swift in Sources */ = {isa = PBXBuildFile; fileRef = 2AEF2DE2289BF1F3008E8ED1 /* Day.swift */; };
		2AEF2DE5289C0788008E8ED1 /* Entry.swift in Sources */ = {isa = PBXBuildFile; fileRef = 2AEF2DE4289C0788008E8ED1 /* Entry.swift */; };
		2AEF2DE7289C143E008E8ED1 /* entriesdata.json in Resources */ = {isa = PBXBuildFile; fileRef = 2AEF2DE6289C143E008E8ED1 /* entriesdata.json */; };
/* End PBXBuildFile section */

/* Begin PBXContainerItemProxy section */
		2A8B4CBF2893A7B4000E6598 /* PBXContainerItemProxy */ = {
			isa = PBXContainerItemProxy;
			containerPortal = 2A8B4CA62893A7B2000E6598 /* Project object */;
			proxyType = 1;
			remoteGlobalIDString = 2A8B4CAD2893A7B2000E6598;
			remoteInfo = "mood-tracker";
		};
		2A8B4CC92893A7B4000E6598 /* PBXContainerItemProxy */ = {
			isa = PBXContainerItemProxy;
			containerPortal = 2A8B4CA62893A7B2000E6598 /* Project object */;
			proxyType = 1;
			remoteGlobalIDString = 2A8B4CAD2893A7B2000E6598;
			remoteInfo = "mood-tracker";
		};
/* End PBXContainerItemProxy section */

/* Begin PBXFileReference section */
		2A066E152897E40A0031ABF4 /* MoodScoreSlider.swift */ = {isa = PBXFileReference; lastKnownFileType = sourcecode.swift; path = MoodScoreSlider.swift; sourceTree = "<group>"; };
		2A066E172898E0040031ABF4 /* CancelButton.swift */ = {isa = PBXFileReference; lastKnownFileType = sourcecode.swift; path = CancelButton.swift; sourceTree = "<group>"; };
		2A066E192898F5C90031ABF4 /* ContinueButton.swift */ = {isa = PBXFileReference; lastKnownFileType = sourcecode.swift; path = ContinueButton.swift; sourceTree = "<group>"; };
		2A066E1B2898FD800031ABF4 /* ActivitiesList.swift */ = {isa = PBXFileReference; lastKnownFileType = sourcecode.swift; path = ActivitiesList.swift; sourceTree = "<group>"; };
		2A5EF0D12893CCEF0093AA2F /* AllDaysManager.swift */ = {isa = PBXFileReference; lastKnownFileType = sourcecode.swift; path = AllDaysManager.swift; sourceTree = "<group>"; };
		2A5EF0D52893E3100093AA2F /* ModelData.swift */ = {isa = PBXFileReference; lastKnownFileType = sourcecode.swift; path = ModelData.swift; sourceTree = "<group>"; };
		2A5EF0D72893E3370093AA2F /* dayData.json */ = {isa = PBXFileReference; lastKnownFileType = text.json; path = dayData.json; sourceTree = "<group>"; };
		2A5EF0D92893E8E50093AA2F /* Extensions.swift */ = {isa = PBXFileReference; lastKnownFileType = sourcecode.swift; path = Extensions.swift; sourceTree = "<group>"; };
		2A5EF0DE28940ADE0093AA2F /* QuoteOfTheDay.swift */ = {isa = PBXFileReference; lastKnownFileType = sourcecode.swift; path = QuoteOfTheDay.swift; sourceTree = "<group>"; };
		2A5EF0E028940B5C0093AA2F /* DailyCheckIn.swift */ = {isa = PBXFileReference; lastKnownFileType = sourcecode.swift; path = DailyCheckIn.swift; sourceTree = "<group>"; };
		2A8353BC289912C100DA665F /* Feelings.swift */ = {isa = PBXFileReference; lastKnownFileType = sourcecode.swift; path = Feelings.swift; sourceTree = "<group>"; };
		2A8353BE289913A400DA665F /* FeelingsList.swift */ = {isa = PBXFileReference; lastKnownFileType = sourcecode.swift; path = FeelingsList.swift; sourceTree = "<group>"; };
		2A8353C028996FAA00DA665F /* SubmitButton.swift */ = {isa = PBXFileReference; lastKnownFileType = sourcecode.swift; path = SubmitButton.swift; sourceTree = "<group>"; };
		2A83C450289645E200FFAF0D /* Date.swift */ = {isa = PBXFileReference; lastKnownFileType = sourcecode.swift; path = Date.swift; sourceTree = "<group>"; };
		2A83C4522896539200FFAF0D /* Helpers.swift */ = {isa = PBXFileReference; lastKnownFileType = sourcecode.swift; path = Helpers.swift; sourceTree = "<group>"; };
		2A83C45428965EAB00FFAF0D /* DayMood.swift */ = {isa = PBXFileReference; lastKnownFileType = sourcecode.swift; path = DayMood.swift; sourceTree = "<group>"; };
		2A83C4582896647E00FFAF0D /* PreviousDates.swift */ = {isa = PBXFileReference; lastKnownFileType = sourcecode.swift; path = PreviousDates.swift; sourceTree = "<group>"; };
		2A83C45C2896773F00FFAF0D /* TabBar.swift */ = {isa = PBXFileReference; lastKnownFileType = sourcecode.swift; path = TabBar.swift; sourceTree = "<group>"; };
		2A83C45E289678F700FFAF0D /* Tab.swift */ = {isa = PBXFileReference; lastKnownFileType = sourcecode.swift; path = Tab.swift; sourceTree = "<group>"; };
		2A83C460289680D800FFAF0D /* HomeView.swift */ = {isa = PBXFileReference; lastKnownFileType = sourcecode.swift; path = HomeView.swift; sourceTree = "<group>"; };
		2A83C4622896811400FFAF0D /* QuotesView.swift */ = {isa = PBXFileReference; lastKnownFileType = sourcecode.swift; path = QuotesView.swift; sourceTree = "<group>"; };
		2A83C4642896812800FFAF0D /* AddEntryView.swift */ = {isa = PBXFileReference; lastKnownFileType = sourcecode.swift; name = AddEntryView.swift; path = ../Views/AddEntryView.swift; sourceTree = "<group>"; };
		2A83C4662896813600FFAF0D /* AnalyticsView.swift */ = {isa = PBXFileReference; lastKnownFileType = sourcecode.swift; path = AnalyticsView.swift; sourceTree = "<group>"; };
		2A83C4682896816000FFAF0D /* AllDaysView.swift */ = {isa = PBXFileReference; lastKnownFileType = sourcecode.swift; name = AllDaysView.swift; path = ../Views/AllDaysView.swift; sourceTree = "<group>"; };
		2A83C46A2896C79400FFAF0D /* GetDayManager.swift */ = {isa = PBXFileReference; lastKnownFileType = sourcecode.swift; path = GetDayManager.swift; sourceTree = "<group>"; };
		2A83C46C2896CA3700FFAF0D /* Activities.swift */ = {isa = PBXFileReference; lastKnownFileType = sourcecode.swift; path = Activities.swift; sourceTree = "<group>"; };
		2A83C47E2897CB0A00FFAF0D /* TabViewManager.swift */ = {isa = PBXFileReference; lastKnownFileType = sourcecode.swift; path = TabViewManager.swift; sourceTree = "<group>"; };
		2A8B4CAE2893A7B2000E6598 /* mood-tracker.app */ = {isa = PBXFileReference; explicitFileType = wrapper.application; includeInIndex = 0; path = "mood-tracker.app"; sourceTree = BUILT_PRODUCTS_DIR; };
		2A8B4CB12893A7B2000E6598 /* mood_trackerApp.swift */ = {isa = PBXFileReference; lastKnownFileType = sourcecode.swift; path = mood_trackerApp.swift; sourceTree = "<group>"; };
		2A8B4CB32893A7B2000E6598 /* ContentView.swift */ = {isa = PBXFileReference; lastKnownFileType = sourcecode.swift; path = ContentView.swift; sourceTree = "<group>"; };
		2A8B4CB52893A7B4000E6598 /* Assets.xcassets */ = {isa = PBXFileReference; lastKnownFileType = folder.assetcatalog; path = Assets.xcassets; sourceTree = "<group>"; };
		2A8B4CB82893A7B4000E6598 /* Preview Assets.xcassets */ = {isa = PBXFileReference; lastKnownFileType = folder.assetcatalog; path = "Preview Assets.xcassets"; sourceTree = "<group>"; };
		2A8B4CBE2893A7B4000E6598 /* mood-trackerTests.xctest */ = {isa = PBXFileReference; explicitFileType = wrapper.cfbundle; includeInIndex = 0; path = "mood-trackerTests.xctest"; sourceTree = BUILT_PRODUCTS_DIR; };
		2A8B4CC22893A7B4000E6598 /* mood_trackerTests.swift */ = {isa = PBXFileReference; lastKnownFileType = sourcecode.swift; path = mood_trackerTests.swift; sourceTree = "<group>"; };
		2A8B4CC82893A7B4000E6598 /* mood-trackerUITests.xctest */ = {isa = PBXFileReference; explicitFileType = wrapper.cfbundle; includeInIndex = 0; path = "mood-trackerUITests.xctest"; sourceTree = BUILT_PRODUCTS_DIR; };
		2A8B4CCC2893A7B4000E6598 /* mood_trackerUITests.swift */ = {isa = PBXFileReference; lastKnownFileType = sourcecode.swift; path = mood_trackerUITests.swift; sourceTree = "<group>"; };
		2A8B4CCE2893A7B4000E6598 /* mood_trackerUITestsLaunchTests.swift */ = {isa = PBXFileReference; lastKnownFileType = sourcecode.swift; path = mood_trackerUITestsLaunchTests.swift; sourceTree = "<group>"; };
		2A8B4CE32893B842000E6598 /* LoadingView.swift */ = {isa = PBXFileReference; lastKnownFileType = sourcecode.swift; path = LoadingView.swift; sourceTree = "<group>"; };
		2A8B4CE52893BB1C000E6598 /* DayManager.swift */ = {isa = PBXFileReference; lastKnownFileType = sourcecode.swift; path = DayManager.swift; sourceTree = "<group>"; };
		2A8B4CE72893BB2C000E6598 /* EntryManager.swift */ = {isa = PBXFileReference; lastKnownFileType = sourcecode.swift; path = EntryManager.swift; sourceTree = "<group>"; };
		2A8B4CE92893BB43000E6598 /* QuoteManager.swift */ = {isa = PBXFileReference; lastKnownFileType = sourcecode.swift; path = QuoteManager.swift; sourceTree = "<group>"; };
		2A8B4CEB2893BB56000E6598 /* AnalyticsManager.swift */ = {isa = PBXFileReference; lastKnownFileType = sourcecode.swift; path = AnalyticsManager.swift; sourceTree = "<group>"; };
		2AEF2DD6289BC3A1008E8ED1 /* DaysList.swift */ = {isa = PBXFileReference; lastKnownFileType = sourcecode.swift; path = DaysList.swift; sourceTree = "<group>"; };
		2AEF2DE0289BC5FF008E8ED1 /* daysData.json */ = {isa = PBXFileReference; lastKnownFileType = text.json; path = daysData.json; sourceTree = "<group>"; };
		2AEF2DE2289BF1F3008E8ED1 /* Day.swift */ = {isa = PBXFileReference; lastKnownFileType = sourcecode.swift; path = Day.swift; sourceTree = "<group>"; };
		2AEF2DE4289C0788008E8ED1 /* Entry.swift */ = {isa = PBXFileReference; lastKnownFileType = sourcecode.swift; path = Entry.swift; sourceTree = "<group>"; };
		2AEF2DE6289C143E008E8ED1 /* entriesdata.json */ = {isa = PBXFileReference; lastKnownFileType = text.json; path = entriesdata.json; sourceTree = "<group>"; };
/* End PBXFileReference section */

/* Begin PBXFrameworksBuildPhase section */
		2A8B4CAB2893A7B2000E6598 /* Frameworks */ = {
			isa = PBXFrameworksBuildPhase;
			buildActionMask = 2147483647;
			files = (
				2A83C4722897C7C200FFAF0D /* HidableTabView in Frameworks */,
				2A8353BB28990B1A00DA665F /* WrappingStack in Frameworks */,
			);
			runOnlyForDeploymentPostprocessing = 0;
		};
		2A8B4CBB2893A7B4000E6598 /* Frameworks */ = {
			isa = PBXFrameworksBuildPhase;
			buildActionMask = 2147483647;
			files = (
			);
			runOnlyForDeploymentPostprocessing = 0;
		};
		2A8B4CC52893A7B4000E6598 /* Frameworks */ = {
			isa = PBXFrameworksBuildPhase;
			buildActionMask = 2147483647;
			files = (
			);
			runOnlyForDeploymentPostprocessing = 0;
		};
/* End PBXFrameworksBuildPhase section */

/* Begin PBXGroup section */
		2A5EF0DD28940A420093AA2F /* Components */ = {
			isa = PBXGroup;
			children = (
				2A83C450289645E200FFAF0D /* Date.swift */,
				2A5EF0DE28940ADE0093AA2F /* QuoteOfTheDay.swift */,
				2A5EF0E028940B5C0093AA2F /* DailyCheckIn.swift */,
				2A83C45428965EAB00FFAF0D /* DayMood.swift */,
				2A83C4582896647E00FFAF0D /* PreviousDates.swift */,
				2A83C45C2896773F00FFAF0D /* TabBar.swift */,
				2A83C45E289678F700FFAF0D /* Tab.swift */,
				2A83C46C2896CA3700FFAF0D /* Activities.swift */,
				2A066E152897E40A0031ABF4 /* MoodScoreSlider.swift */,
				2A066E172898E0040031ABF4 /* CancelButton.swift */,
				2A066E192898F5C90031ABF4 /* ContinueButton.swift */,
				2A066E1B2898FD800031ABF4 /* ActivitiesList.swift */,
				2A8353BC289912C100DA665F /* Feelings.swift */,
				2A8353BE289913A400DA665F /* FeelingsList.swift */,
				2A8353C028996FAA00DA665F /* SubmitButton.swift */,
				2AEF2DD6289BC3A1008E8ED1 /* DaysList.swift */,
				2AEF2DE2289BF1F3008E8ED1 /* Day.swift */,
				2AEF2DE4289C0788008E8ED1 /* Entry.swift */,
			);
			path = Components;
			sourceTree = "<group>";
		};
		2A83C4732897C8FD00FFAF0D /* TabView */ = {
			isa = PBXGroup;
			children = (
				2A83C460289680D800FFAF0D /* HomeView.swift */,
				2A83C4622896811400FFAF0D /* QuotesView.swift */,
				2A83C4642896812800FFAF0D /* AddEntryView.swift */,
				2A83C4662896813600FFAF0D /* AnalyticsView.swift */,
				2A83C4682896816000FFAF0D /* AllDaysView.swift */,
			);
			path = TabView;
			sourceTree = "<group>";
		};
		2A8B4CA52893A7B2000E6598 = {
			isa = PBXGroup;
			children = (
				2A8B4CB02893A7B2000E6598 /* mood-tracker */,
				2A5EF0D92893E8E50093AA2F /* Extensions.swift */,
				2A83C4522896539200FFAF0D /* Helpers.swift */,
				2A8B4CC12893A7B4000E6598 /* mood-trackerTests */,
				2A8B4CCB2893A7B4000E6598 /* mood-trackerUITests */,
				2A8B4CAF2893A7B2000E6598 /* Products */,
			);
			sourceTree = "<group>";
		};
		2A8B4CAF2893A7B2000E6598 /* Products */ = {
			isa = PBXGroup;
			children = (
				2A8B4CAE2893A7B2000E6598 /* mood-tracker.app */,
				2A8B4CBE2893A7B4000E6598 /* mood-trackerTests.xctest */,
				2A8B4CC82893A7B4000E6598 /* mood-trackerUITests.xctest */,
			);
			name = Products;
			sourceTree = "<group>";
		};
		2A8B4CB02893A7B2000E6598 /* mood-tracker */ = {
			isa = PBXGroup;
			children = (
				2A83C4732897C8FD00FFAF0D /* TabView */,
				2A8B4CB32893A7B2000E6598 /* ContentView.swift */,
				2A5EF0DD28940A420093AA2F /* Components */,
				2A8B4CB12893A7B2000E6598 /* mood_trackerApp.swift */,
				2A8B4CDE2893B063000E6598 /* Views */,
				2A8B4CDB2893AF08000E6598 /* Managers */,
				2A8B4CB52893A7B4000E6598 /* Assets.xcassets */,
				2A8B4CB72893A7B4000E6598 /* Preview Content */,
			);
			path = "mood-tracker";
			sourceTree = "<group>";
		};
		2A8B4CB72893A7B4000E6598 /* Preview Content */ = {
			isa = PBXGroup;
			children = (
				2A8B4CB82893A7B4000E6598 /* Preview Assets.xcassets */,
				2A5EF0D52893E3100093AA2F /* ModelData.swift */,
				2A5EF0D72893E3370093AA2F /* dayData.json */,
				2AEF2DE0289BC5FF008E8ED1 /* daysData.json */,
				2AEF2DE6289C143E008E8ED1 /* entriesdata.json */,
			);
			path = "Preview Content";
			sourceTree = "<group>";
		};
		2A8B4CC12893A7B4000E6598 /* mood-trackerTests */ = {
			isa = PBXGroup;
			children = (
				2A8B4CC22893A7B4000E6598 /* mood_trackerTests.swift */,
			);
			path = "mood-trackerTests";
			sourceTree = "<group>";
		};
		2A8B4CCB2893A7B4000E6598 /* mood-trackerUITests */ = {
			isa = PBXGroup;
			children = (
				2A8B4CCC2893A7B4000E6598 /* mood_trackerUITests.swift */,
				2A8B4CCE2893A7B4000E6598 /* mood_trackerUITestsLaunchTests.swift */,
			);
			path = "mood-trackerUITests";
			sourceTree = "<group>";
		};
		2A8B4CDB2893AF08000E6598 /* Managers */ = {
			isa = PBXGroup;
			children = (
				2A8B4CE52893BB1C000E6598 /* DayManager.swift */,
				2A83C46A2896C79400FFAF0D /* GetDayManager.swift */,
				2A5EF0D12893CCEF0093AA2F /* AllDaysManager.swift */,
				2A8B4CE72893BB2C000E6598 /* EntryManager.swift */,
				2A8B4CE92893BB43000E6598 /* QuoteManager.swift */,
				2A8B4CEB2893BB56000E6598 /* AnalyticsManager.swift */,
				2A83C47E2897CB0A00FFAF0D /* TabViewManager.swift */,
			);
			path = Managers;
			sourceTree = "<group>";
		};
		2A8B4CDE2893B063000E6598 /* Views */ = {
			isa = PBXGroup;
			children = (
				2A8B4CE32893B842000E6598 /* LoadingView.swift */,
			);
			path = Views;
			sourceTree = "<group>";
		};
/* End PBXGroup section */

/* Begin PBXNativeTarget section */
		2A8B4CAD2893A7B2000E6598 /* mood-tracker */ = {
			isa = PBXNativeTarget;
			buildConfigurationList = 2A8B4CD22893A7B4000E6598 /* Build configuration list for PBXNativeTarget "mood-tracker" */;
			buildPhases = (
				2A8B4CAA2893A7B2000E6598 /* Sources */,
				2A8B4CAB2893A7B2000E6598 /* Frameworks */,
				2A8B4CAC2893A7B2000E6598 /* Resources */,
			);
			buildRules = (
			);
			dependencies = (
			);
			name = "mood-tracker";
			packageProductDependencies = (
				2A83C4712897C7C200FFAF0D /* HidableTabView */,
				2A8353BA28990B1A00DA665F /* WrappingStack */,
			);
			productName = "mood-tracker";
			productReference = 2A8B4CAE2893A7B2000E6598 /* mood-tracker.app */;
			productType = "com.apple.product-type.application";
		};
		2A8B4CBD2893A7B4000E6598 /* mood-trackerTests */ = {
			isa = PBXNativeTarget;
			buildConfigurationList = 2A8B4CD52893A7B4000E6598 /* Build configuration list for PBXNativeTarget "mood-trackerTests" */;
			buildPhases = (
				2A8B4CBA2893A7B4000E6598 /* Sources */,
				2A8B4CBB2893A7B4000E6598 /* Frameworks */,
				2A8B4CBC2893A7B4000E6598 /* Resources */,
			);
			buildRules = (
			);
			dependencies = (
				2A8B4CC02893A7B4000E6598 /* PBXTargetDependency */,
			);
			name = "mood-trackerTests";
			productName = "mood-trackerTests";
			productReference = 2A8B4CBE2893A7B4000E6598 /* mood-trackerTests.xctest */;
			productType = "com.apple.product-type.bundle.unit-test";
		};
		2A8B4CC72893A7B4000E6598 /* mood-trackerUITests */ = {
			isa = PBXNativeTarget;
			buildConfigurationList = 2A8B4CD82893A7B4000E6598 /* Build configuration list for PBXNativeTarget "mood-trackerUITests" */;
			buildPhases = (
				2A8B4CC42893A7B4000E6598 /* Sources */,
				2A8B4CC52893A7B4000E6598 /* Frameworks */,
				2A8B4CC62893A7B4000E6598 /* Resources */,
			);
			buildRules = (
			);
			dependencies = (
				2A8B4CCA2893A7B4000E6598 /* PBXTargetDependency */,
			);
			name = "mood-trackerUITests";
			productName = "mood-trackerUITests";
			productReference = 2A8B4CC82893A7B4000E6598 /* mood-trackerUITests.xctest */;
			productType = "com.apple.product-type.bundle.ui-testing";
		};
/* End PBXNativeTarget section */

/* Begin PBXProject section */
		2A8B4CA62893A7B2000E6598 /* Project object */ = {
			isa = PBXProject;
			attributes = {
				BuildIndependentTargetsInParallel = 1;
				LastSwiftUpdateCheck = 1340;
				LastUpgradeCheck = 1340;
				TargetAttributes = {
					2A8B4CAD2893A7B2000E6598 = {
						CreatedOnToolsVersion = 13.4.1;
					};
					2A8B4CBD2893A7B4000E6598 = {
						CreatedOnToolsVersion = 13.4.1;
						TestTargetID = 2A8B4CAD2893A7B2000E6598;
					};
					2A8B4CC72893A7B4000E6598 = {
						CreatedOnToolsVersion = 13.4.1;
						TestTargetID = 2A8B4CAD2893A7B2000E6598;
					};
				};
			};
			buildConfigurationList = 2A8B4CA92893A7B2000E6598 /* Build configuration list for PBXProject "mood-tracker" */;
			compatibilityVersion = "Xcode 13.0";
			developmentRegion = en;
			hasScannedForEncodings = 0;
			knownRegions = (
				en,
				Base,
			);
			mainGroup = 2A8B4CA52893A7B2000E6598;
			packageReferences = (
				2A83C4702897C7C200FFAF0D /* XCRemoteSwiftPackageReference "HidableTabView-SwiftUI" */,
				2A8353B928990B1A00DA665F /* XCRemoteSwiftPackageReference "swiftui-wrapping-stack" */,
			);
			productRefGroup = 2A8B4CAF2893A7B2000E6598 /* Products */;
			projectDirPath = "";
			projectRoot = "";
			targets = (
				2A8B4CAD2893A7B2000E6598 /* mood-tracker */,
				2A8B4CBD2893A7B4000E6598 /* mood-trackerTests */,
				2A8B4CC72893A7B4000E6598 /* mood-trackerUITests */,
			);
		};
/* End PBXProject section */

/* Begin PBXResourcesBuildPhase section */
		2A8B4CAC2893A7B2000E6598 /* Resources */ = {
			isa = PBXResourcesBuildPhase;
			buildActionMask = 2147483647;
			files = (
				2AEF2DE1289BC5FF008E8ED1 /* daysData.json in Resources */,
				2A5EF0D82893E3370093AA2F /* dayData.json in Resources */,
				2A8B4CB92893A7B4000E6598 /* Preview Assets.xcassets in Resources */,
				2A8B4CB62893A7B4000E6598 /* Assets.xcassets in Resources */,
				2AEF2DE7289C143E008E8ED1 /* entriesdata.json in Resources */,
			);
			runOnlyForDeploymentPostprocessing = 0;
		};
		2A8B4CBC2893A7B4000E6598 /* Resources */ = {
			isa = PBXResourcesBuildPhase;
			buildActionMask = 2147483647;
			files = (
			);
			runOnlyForDeploymentPostprocessing = 0;
		};
		2A8B4CC62893A7B4000E6598 /* Resources */ = {
			isa = PBXResourcesBuildPhase;
			buildActionMask = 2147483647;
			files = (
			);
			runOnlyForDeploymentPostprocessing = 0;
		};
/* End PBXResourcesBuildPhase section */

/* Begin PBXSourcesBuildPhase section */
		2A8B4CAA2893A7B2000E6598 /* Sources */ = {
			isa = PBXSourcesBuildPhase;
			buildActionMask = 2147483647;
			files = (
				2A5EF0DF28940ADE0093AA2F /* QuoteOfTheDay.swift in Sources */,
				2A83C4532896539200FFAF0D /* Helpers.swift in Sources */,
				2A066E1C2898FD800031ABF4 /* ActivitiesList.swift in Sources */,
				2A83C47F2897CB0A00FFAF0D /* TabViewManager.swift in Sources */,
				2A8B4CE82893BB2C000E6598 /* EntryManager.swift in Sources */,
				2A8B4CB42893A7B2000E6598 /* ContentView.swift in Sources */,
				2A8B4CB22893A7B2000E6598 /* mood_trackerApp.swift in Sources */,
				2A83C4672896813600FFAF0D /* AnalyticsView.swift in Sources */,
				2A8B4CEA2893BB43000E6598 /* QuoteManager.swift in Sources */,
				2A066E1A2898F5C90031ABF4 /* ContinueButton.swift in Sources */,
				2A83C46B2896C79400FFAF0D /* GetDayManager.swift in Sources */,
				2A8B4CEC2893BB56000E6598 /* AnalyticsManager.swift in Sources */,
				2A8353BD289912C100DA665F /* Feelings.swift in Sources */,
				2A83C45D2896773F00FFAF0D /* TabBar.swift in Sources */,
				2A83C45528965EAB00FFAF0D /* DayMood.swift in Sources */,
				2A83C4652896812800FFAF0D /* AddEntryView.swift in Sources */,
				2A5EF0D22893CCEF0093AA2F /* AllDaysManager.swift in Sources */,
				2A5EF0E128940B5C0093AA2F /* DailyCheckIn.swift in Sources */,
				2A066E182898E0040031ABF4 /* CancelButton.swift in Sources */,
				2A8B4CE42893B842000E6598 /* LoadingView.swift in Sources */,
				2A5EF0DA2893E8E50093AA2F /* Extensions.swift in Sources */,
				2A83C4592896647E00FFAF0D /* PreviousDates.swift in Sources */,
				2A8353BF289913A400DA665F /* FeelingsList.swift in Sources */,
				2A5EF0D62893E3100093AA2F /* ModelData.swift in Sources */,
				2AEF2DE5289C0788008E8ED1 /* Entry.swift in Sources */,
				2AEF2DD7289BC3A1008E8ED1 /* DaysList.swift in Sources */,
				2A83C45F289678F700FFAF0D /* Tab.swift in Sources */,
				2A8353C128996FAA00DA665F /* SubmitButton.swift in Sources */,
				2A83C451289645E200FFAF0D /* Date.swift in Sources */,
				2AEF2DE3289BF1F3008E8ED1 /* Day.swift in Sources */,
				2A83C4692896816000FFAF0D /* AllDaysView.swift in Sources */,
				2A8B4CE62893BB1C000E6598 /* DayManager.swift in Sources */,
				2A066E162897E40A0031ABF4 /* MoodScoreSlider.swift in Sources */,
				2A83C461289680D800FFAF0D /* HomeView.swift in Sources */,
				2A83C46D2896CA3700FFAF0D /* Activities.swift in Sources */,
				2A83C4632896811400FFAF0D /* QuotesView.swift in Sources */,
			);
			runOnlyForDeploymentPostprocessing = 0;
		};
		2A8B4CBA2893A7B4000E6598 /* Sources */ = {
			isa = PBXSourcesBuildPhase;
			buildActionMask = 2147483647;
			files = (
				2A8B4CC32893A7B4000E6598 /* mood_trackerTests.swift in Sources */,
			);
			runOnlyForDeploymentPostprocessing = 0;
		};
		2A8B4CC42893A7B4000E6598 /* Sources */ = {
			isa = PBXSourcesBuildPhase;
			buildActionMask = 2147483647;
			files = (
				2A8B4CCF2893A7B4000E6598 /* mood_trackerUITestsLaunchTests.swift in Sources */,
				2A8B4CCD2893A7B4000E6598 /* mood_trackerUITests.swift in Sources */,
			);
			runOnlyForDeploymentPostprocessing = 0;
		};
/* End PBXSourcesBuildPhase section */

/* Begin PBXTargetDependency section */
		2A8B4CC02893A7B4000E6598 /* PBXTargetDependency */ = {
			isa = PBXTargetDependency;
			target = 2A8B4CAD2893A7B2000E6598 /* mood-tracker */;
			targetProxy = 2A8B4CBF2893A7B4000E6598 /* PBXContainerItemProxy */;
		};
		2A8B4CCA2893A7B4000E6598 /* PBXTargetDependency */ = {
			isa = PBXTargetDependency;
			target = 2A8B4CAD2893A7B2000E6598 /* mood-tracker */;
			targetProxy = 2A8B4CC92893A7B4000E6598 /* PBXContainerItemProxy */;
		};
/* End PBXTargetDependency section */

/* Begin XCBuildConfiguration section */
		2A8B4CD02893A7B4000E6598 /* Debug */ = {
			isa = XCBuildConfiguration;
			buildSettings = {
				ALWAYS_SEARCH_USER_PATHS = NO;
				CLANG_ANALYZER_NONNULL = YES;
				CLANG_ANALYZER_NUMBER_OBJECT_CONVERSION = YES_AGGRESSIVE;
				CLANG_CXX_LANGUAGE_STANDARD = "gnu++17";
				CLANG_ENABLE_MODULES = YES;
				CLANG_ENABLE_OBJC_ARC = YES;
				CLANG_ENABLE_OBJC_WEAK = YES;
				CLANG_WARN_BLOCK_CAPTURE_AUTORELEASING = YES;
				CLANG_WARN_BOOL_CONVERSION = YES;
				CLANG_WARN_COMMA = YES;
				CLANG_WARN_CONSTANT_CONVERSION = YES;
				CLANG_WARN_DEPRECATED_OBJC_IMPLEMENTATIONS = YES;
				CLANG_WARN_DIRECT_OBJC_ISA_USAGE = YES_ERROR;
				CLANG_WARN_DOCUMENTATION_COMMENTS = YES;
				CLANG_WARN_EMPTY_BODY = YES;
				CLANG_WARN_ENUM_CONVERSION = YES;
				CLANG_WARN_INFINITE_RECURSION = YES;
				CLANG_WARN_INT_CONVERSION = YES;
				CLANG_WARN_NON_LITERAL_NULL_CONVERSION = YES;
				CLANG_WARN_OBJC_IMPLICIT_RETAIN_SELF = YES;
				CLANG_WARN_OBJC_LITERAL_CONVERSION = YES;
				CLANG_WARN_OBJC_ROOT_CLASS = YES_ERROR;
				CLANG_WARN_QUOTED_INCLUDE_IN_FRAMEWORK_HEADER = YES;
				CLANG_WARN_RANGE_LOOP_ANALYSIS = YES;
				CLANG_WARN_STRICT_PROTOTYPES = YES;
				CLANG_WARN_SUSPICIOUS_MOVE = YES;
				CLANG_WARN_UNGUARDED_AVAILABILITY = YES_AGGRESSIVE;
				CLANG_WARN_UNREACHABLE_CODE = YES;
				CLANG_WARN__DUPLICATE_METHOD_MATCH = YES;
				COPY_PHASE_STRIP = NO;
				DEBUG_INFORMATION_FORMAT = dwarf;
				ENABLE_STRICT_OBJC_MSGSEND = YES;
				ENABLE_TESTABILITY = YES;
				GCC_C_LANGUAGE_STANDARD = gnu11;
				GCC_DYNAMIC_NO_PIC = NO;
				GCC_NO_COMMON_BLOCKS = YES;
				GCC_OPTIMIZATION_LEVEL = 0;
				GCC_PREPROCESSOR_DEFINITIONS = (
					"DEBUG=1",
					"$(inherited)",
				);
				GCC_WARN_64_TO_32_BIT_CONVERSION = YES;
				GCC_WARN_ABOUT_RETURN_TYPE = YES_ERROR;
				GCC_WARN_UNDECLARED_SELECTOR = YES;
				GCC_WARN_UNINITIALIZED_AUTOS = YES_AGGRESSIVE;
				GCC_WARN_UNUSED_FUNCTION = YES;
				GCC_WARN_UNUSED_VARIABLE = YES;
				IPHONEOS_DEPLOYMENT_TARGET = 15.5;
				MTL_ENABLE_DEBUG_INFO = INCLUDE_SOURCE;
				MTL_FAST_MATH = YES;
				ONLY_ACTIVE_ARCH = YES;
				SDKROOT = iphoneos;
				SWIFT_ACTIVE_COMPILATION_CONDITIONS = DEBUG;
				SWIFT_OPTIMIZATION_LEVEL = "-Onone";
			};
			name = Debug;
		};
		2A8B4CD12893A7B4000E6598 /* Release */ = {
			isa = XCBuildConfiguration;
			buildSettings = {
				ALWAYS_SEARCH_USER_PATHS = NO;
				CLANG_ANALYZER_NONNULL = YES;
				CLANG_ANALYZER_NUMBER_OBJECT_CONVERSION = YES_AGGRESSIVE;
				CLANG_CXX_LANGUAGE_STANDARD = "gnu++17";
				CLANG_ENABLE_MODULES = YES;
				CLANG_ENABLE_OBJC_ARC = YES;
				CLANG_ENABLE_OBJC_WEAK = YES;
				CLANG_WARN_BLOCK_CAPTURE_AUTORELEASING = YES;
				CLANG_WARN_BOOL_CONVERSION = YES;
				CLANG_WARN_COMMA = YES;
				CLANG_WARN_CONSTANT_CONVERSION = YES;
				CLANG_WARN_DEPRECATED_OBJC_IMPLEMENTATIONS = YES;
				CLANG_WARN_DIRECT_OBJC_ISA_USAGE = YES_ERROR;
				CLANG_WARN_DOCUMENTATION_COMMENTS = YES;
				CLANG_WARN_EMPTY_BODY = YES;
				CLANG_WARN_ENUM_CONVERSION = YES;
				CLANG_WARN_INFINITE_RECURSION = YES;
				CLANG_WARN_INT_CONVERSION = YES;
				CLANG_WARN_NON_LITERAL_NULL_CONVERSION = YES;
				CLANG_WARN_OBJC_IMPLICIT_RETAIN_SELF = YES;
				CLANG_WARN_OBJC_LITERAL_CONVERSION = YES;
				CLANG_WARN_OBJC_ROOT_CLASS = YES_ERROR;
				CLANG_WARN_QUOTED_INCLUDE_IN_FRAMEWORK_HEADER = YES;
				CLANG_WARN_RANGE_LOOP_ANALYSIS = YES;
				CLANG_WARN_STRICT_PROTOTYPES = YES;
				CLANG_WARN_SUSPICIOUS_MOVE = YES;
				CLANG_WARN_UNGUARDED_AVAILABILITY = YES_AGGRESSIVE;
				CLANG_WARN_UNREACHABLE_CODE = YES;
				CLANG_WARN__DUPLICATE_METHOD_MATCH = YES;
				COPY_PHASE_STRIP = NO;
				DEBUG_INFORMATION_FORMAT = "dwarf-with-dsym";
				ENABLE_NS_ASSERTIONS = NO;
				ENABLE_STRICT_OBJC_MSGSEND = YES;
				GCC_C_LANGUAGE_STANDARD = gnu11;
				GCC_NO_COMMON_BLOCKS = YES;
				GCC_WARN_64_TO_32_BIT_CONVERSION = YES;
				GCC_WARN_ABOUT_RETURN_TYPE = YES_ERROR;
				GCC_WARN_UNDECLARED_SELECTOR = YES;
				GCC_WARN_UNINITIALIZED_AUTOS = YES_AGGRESSIVE;
				GCC_WARN_UNUSED_FUNCTION = YES;
				GCC_WARN_UNUSED_VARIABLE = YES;
				IPHONEOS_DEPLOYMENT_TARGET = 15.5;
				MTL_ENABLE_DEBUG_INFO = NO;
				MTL_FAST_MATH = YES;
				SDKROOT = iphoneos;
				SWIFT_COMPILATION_MODE = wholemodule;
				SWIFT_OPTIMIZATION_LEVEL = "-O";
				VALIDATE_PRODUCT = YES;
			};
			name = Release;
		};
		2A8B4CD32893A7B4000E6598 /* Debug */ = {
			isa = XCBuildConfiguration;
			buildSettings = {
				ASSETCATALOG_COMPILER_APPICON_NAME = AppIcon;
				ASSETCATALOG_COMPILER_GLOBAL_ACCENT_COLOR_NAME = AccentColor;
				CODE_SIGN_STYLE = Automatic;
				CURRENT_PROJECT_VERSION = 1;
				DEVELOPMENT_ASSET_PATHS = "\"mood-tracker/Preview Content\"";
				DEVELOPMENT_TEAM = BFCQVD8456;
				ENABLE_PREVIEWS = YES;
				GENERATE_INFOPLIST_FILE = YES;
				INFOPLIST_KEY_UIApplicationSceneManifest_Generation = YES;
				INFOPLIST_KEY_UIApplicationSupportsIndirectInputEvents = YES;
				INFOPLIST_KEY_UILaunchScreen_Generation = YES;
				INFOPLIST_KEY_UISupportedInterfaceOrientations_iPad = "UIInterfaceOrientationPortrait UIInterfaceOrientationPortraitUpsideDown UIInterfaceOrientationLandscapeLeft UIInterfaceOrientationLandscapeRight";
				INFOPLIST_KEY_UISupportedInterfaceOrientations_iPhone = "UIInterfaceOrientationPortrait UIInterfaceOrientationLandscapeLeft UIInterfaceOrientationLandscapeRight";
				LD_RUNPATH_SEARCH_PATHS = (
					"$(inherited)",
					"@executable_path/Frameworks",
				);
				MARKETING_VERSION = 1.0;
				PRODUCT_BUNDLE_IDENTIFIER = "still-lindsey.mood-tracker";
				PRODUCT_NAME = "$(TARGET_NAME)";
				SWIFT_EMIT_LOC_STRINGS = YES;
				SWIFT_VERSION = 5.0;
				TARGETED_DEVICE_FAMILY = "1,2";
			};
			name = Debug;
		};
		2A8B4CD42893A7B4000E6598 /* Release */ = {
			isa = XCBuildConfiguration;
			buildSettings = {
				ASSETCATALOG_COMPILER_APPICON_NAME = AppIcon;
				ASSETCATALOG_COMPILER_GLOBAL_ACCENT_COLOR_NAME = AccentColor;
				CODE_SIGN_STYLE = Automatic;
				CURRENT_PROJECT_VERSION = 1;
				DEVELOPMENT_ASSET_PATHS = "\"mood-tracker/Preview Content\"";
				DEVELOPMENT_TEAM = BFCQVD8456;
				ENABLE_PREVIEWS = YES;
				GENERATE_INFOPLIST_FILE = YES;
				INFOPLIST_KEY_UIApplicationSceneManifest_Generation = YES;
				INFOPLIST_KEY_UIApplicationSupportsIndirectInputEvents = YES;
				INFOPLIST_KEY_UILaunchScreen_Generation = YES;
				INFOPLIST_KEY_UISupportedInterfaceOrientations_iPad = "UIInterfaceOrientationPortrait UIInterfaceOrientationPortraitUpsideDown UIInterfaceOrientationLandscapeLeft UIInterfaceOrientationLandscapeRight";
				INFOPLIST_KEY_UISupportedInterfaceOrientations_iPhone = "UIInterfaceOrientationPortrait UIInterfaceOrientationLandscapeLeft UIInterfaceOrientationLandscapeRight";
				LD_RUNPATH_SEARCH_PATHS = (
					"$(inherited)",
					"@executable_path/Frameworks",
				);
				MARKETING_VERSION = 1.0;
				PRODUCT_BUNDLE_IDENTIFIER = "still-lindsey.mood-tracker";
				PRODUCT_NAME = "$(TARGET_NAME)";
				SWIFT_EMIT_LOC_STRINGS = YES;
				SWIFT_VERSION = 5.0;
				TARGETED_DEVICE_FAMILY = "1,2";
			};
			name = Release;
		};
		2A8B4CD62893A7B4000E6598 /* Debug */ = {
			isa = XCBuildConfiguration;
			buildSettings = {
				ALWAYS_EMBED_SWIFT_STANDARD_LIBRARIES = YES;
				BUNDLE_LOADER = "$(TEST_HOST)";
				CODE_SIGN_STYLE = Automatic;
				CURRENT_PROJECT_VERSION = 1;
				DEVELOPMENT_TEAM = BFCQVD8456;
				GENERATE_INFOPLIST_FILE = YES;
				IPHONEOS_DEPLOYMENT_TARGET = 15.5;
				MARKETING_VERSION = 1.0;
				PRODUCT_BUNDLE_IDENTIFIER = "still-lindsey.mood-trackerTests";
				PRODUCT_NAME = "$(TARGET_NAME)";
				SWIFT_EMIT_LOC_STRINGS = NO;
				SWIFT_VERSION = 5.0;
				TARGETED_DEVICE_FAMILY = "1,2";
				TEST_HOST = "$(BUILT_PRODUCTS_DIR)/mood-tracker.app/mood-tracker";
			};
			name = Debug;
		};
		2A8B4CD72893A7B4000E6598 /* Release */ = {
			isa = XCBuildConfiguration;
			buildSettings = {
				ALWAYS_EMBED_SWIFT_STANDARD_LIBRARIES = YES;
				BUNDLE_LOADER = "$(TEST_HOST)";
				CODE_SIGN_STYLE = Automatic;
				CURRENT_PROJECT_VERSION = 1;
				DEVELOPMENT_TEAM = BFCQVD8456;
				GENERATE_INFOPLIST_FILE = YES;
				IPHONEOS_DEPLOYMENT_TARGET = 15.5;
				MARKETING_VERSION = 1.0;
				PRODUCT_BUNDLE_IDENTIFIER = "still-lindsey.mood-trackerTests";
				PRODUCT_NAME = "$(TARGET_NAME)";
				SWIFT_EMIT_LOC_STRINGS = NO;
				SWIFT_VERSION = 5.0;
				TARGETED_DEVICE_FAMILY = "1,2";
				TEST_HOST = "$(BUILT_PRODUCTS_DIR)/mood-tracker.app/mood-tracker";
			};
			name = Release;
		};
		2A8B4CD92893A7B4000E6598 /* Debug */ = {
			isa = XCBuildConfiguration;
			buildSettings = {
				ALWAYS_EMBED_SWIFT_STANDARD_LIBRARIES = YES;
				CODE_SIGN_STYLE = Automatic;
				CURRENT_PROJECT_VERSION = 1;
				DEVELOPMENT_TEAM = BFCQVD8456;
				GENERATE_INFOPLIST_FILE = YES;
				MARKETING_VERSION = 1.0;
				PRODUCT_BUNDLE_IDENTIFIER = "still-lindsey.mood-trackerUITests";
				PRODUCT_NAME = "$(TARGET_NAME)";
				SWIFT_EMIT_LOC_STRINGS = NO;
				SWIFT_VERSION = 5.0;
				TARGETED_DEVICE_FAMILY = "1,2";
				TEST_TARGET_NAME = "mood-tracker";
			};
			name = Debug;
		};
		2A8B4CDA2893A7B4000E6598 /* Release */ = {
			isa = XCBuildConfiguration;
			buildSettings = {
				ALWAYS_EMBED_SWIFT_STANDARD_LIBRARIES = YES;
				CODE_SIGN_STYLE = Automatic;
				CURRENT_PROJECT_VERSION = 1;
				DEVELOPMENT_TEAM = BFCQVD8456;
				GENERATE_INFOPLIST_FILE = YES;
				MARKETING_VERSION = 1.0;
				PRODUCT_BUNDLE_IDENTIFIER = "still-lindsey.mood-trackerUITests";
				PRODUCT_NAME = "$(TARGET_NAME)";
				SWIFT_EMIT_LOC_STRINGS = NO;
				SWIFT_VERSION = 5.0;
				TARGETED_DEVICE_FAMILY = "1,2";
				TEST_TARGET_NAME = "mood-tracker";
			};
			name = Release;
		};
/* End XCBuildConfiguration section */

/* Begin XCConfigurationList section */
		2A8B4CA92893A7B2000E6598 /* Build configuration list for PBXProject "mood-tracker" */ = {
			isa = XCConfigurationList;
			buildConfigurations = (
				2A8B4CD02893A7B4000E6598 /* Debug */,
				2A8B4CD12893A7B4000E6598 /* Release */,
			);
			defaultConfigurationIsVisible = 0;
			defaultConfigurationName = Release;
		};
		2A8B4CD22893A7B4000E6598 /* Build configuration list for PBXNativeTarget "mood-tracker" */ = {
			isa = XCConfigurationList;
			buildConfigurations = (
				2A8B4CD32893A7B4000E6598 /* Debug */,
				2A8B4CD42893A7B4000E6598 /* Release */,
			);
			defaultConfigurationIsVisible = 0;
			defaultConfigurationName = Release;
		};
		2A8B4CD52893A7B4000E6598 /* Build configuration list for PBXNativeTarget "mood-trackerTests" */ = {
			isa = XCConfigurationList;
			buildConfigurations = (
				2A8B4CD62893A7B4000E6598 /* Debug */,
				2A8B4CD72893A7B4000E6598 /* Release */,
			);
			defaultConfigurationIsVisible = 0;
			defaultConfigurationName = Release;
		};
		2A8B4CD82893A7B4000E6598 /* Build configuration list for PBXNativeTarget "mood-trackerUITests" */ = {
			isa = XCConfigurationList;
			buildConfigurations = (
				2A8B4CD92893A7B4000E6598 /* Debug */,
				2A8B4CDA2893A7B4000E6598 /* Release */,
			);
			defaultConfigurationIsVisible = 0;
			defaultConfigurationName = Release;
		};
/* End XCConfigurationList section */

/* Begin XCRemoteSwiftPackageReference section */
		2A8353B928990B1A00DA665F /* XCRemoteSwiftPackageReference "swiftui-wrapping-stack" */ = {
			isa = XCRemoteSwiftPackageReference;
			repositoryURL = "https://github.com/diniska/swiftui-wrapping-stack";
			requirement = {
				kind = upToNextMajorVersion;
				minimumVersion = 1.0.0;
			};
		};
		2A83C4702897C7C200FFAF0D /* XCRemoteSwiftPackageReference "HidableTabView-SwiftUI" */ = {
			isa = XCRemoteSwiftPackageReference;
			repositoryURL = "https://github.com/AliMert/HidableTabView-SwiftUI.git";
			requirement = {
				kind = upToNextMajorVersion;
				minimumVersion = 1.0.0;
			};
		};
/* End XCRemoteSwiftPackageReference section */

/* Begin XCSwiftPackageProductDependency section */
		2A8353BA28990B1A00DA665F /* WrappingStack */ = {
			isa = XCSwiftPackageProductDependency;
			package = 2A8353B928990B1A00DA665F /* XCRemoteSwiftPackageReference "swiftui-wrapping-stack" */;
			productName = WrappingStack;
		};
		2A83C4712897C7C200FFAF0D /* HidableTabView */ = {
			isa = XCSwiftPackageProductDependency;
			package = 2A83C4702897C7C200FFAF0D /* XCRemoteSwiftPackageReference "HidableTabView-SwiftUI" */;
			productName = HidableTabView;
		};
/* End XCSwiftPackageProductDependency section */
	};
	rootObject = 2A8B4CA62893A7B2000E6598 /* Project object */;
}
